
Microsoft Visual Studio Solution File, Format Version 12.00
# Visual Studio Version 17
VisualStudioVersion = 17.7.34031.279
MinimumVisualStudioVersion = 10.0.40219.1
Project("{9A19103F-16F7-4668-BE54-9A1E7A4F7556}") = "TaskForAutodor", "TaskForAutodor\TaskForAutodor.csproj", "{90C85850-A7BD-4308-8344-A93F3CB88EFC}"
EndProject
Project("{9A19103F-16F7-4668-BE54-9A1E7A4F7556}") = "Client", "Client\Client.csproj", "{6EB366E6-8071-495E-8587-C39C85BACE82}"
EndProject
Project("{9A19103F-16F7-4668-BE54-9A1E7A4F7556}") = "ClientTwo", "ClientTwo\ClientTwo.csproj", "{4960C0D1-5DC0-430D-9ABF-3ADC2DED23FD}"
EndProject
Global
	GlobalSection(SolutionConfigurationPlatforms) = preSolution
		Debug|Any CPU = Debug|Any CPU
		Release|Any CPU = Release|Any CPU
	EndGlobalSection
	GlobalSection(ProjectConfigurationPlatforms) = postSolution
		{90C85850-A7BD-4308-8344-A93F3CB88EFC}.Debug|Any CPU.ActiveCfg = Debug|Any CPU
		{90C85850-A7BD-4308-8344-A93F3CB88EFC}.Debug|Any CPU.Build.0 = Debug|Any CPU
		{90C85850-A7BD-4308-8344-A93F3CB88EFC}.Release|Any CPU.ActiveCfg = Release|Any CPU
		{90C85850-A7BD-4308-8344-A93F3CB88EFC}.Release|Any CPU.Build.0 = Release|Any CPU
		{6EB366E6-8071-495E-8587-C39C85BACE82}.Debug|Any CPU.ActiveCfg = Debug|Any CPU
		{6EB366E6-8071-495E-8587-C39C85BACE82}.Debug|Any CPU.Build.0 = Debug|Any CPU
		{6EB366E6-8071-495E-8587-C39C85BACE82}.Release|Any CPU.ActiveCfg = Release|Any CPU
		{6EB366E6-8071-495E-8587-C39C85BACE82}.Release|Any CPU.Build.0 = Release|Any CPU
		{4960C0D1-5DC0-430D-9ABF-3ADC2DED23FD}.Debug|Any CPU.ActiveCfg = Debug|Any CPU
		{4960C0D1-5DC0-430D-9ABF-3ADC2DED23FD}.Debug|Any CPU.Build.0 = Debug|Any CPU
		{4960C0D1-5DC0-430D-9ABF-3ADC2DED23FD}.Release|Any CPU.ActiveCfg = Release|Any CPU
		{4960C0D1-5DC0-430D-9ABF-3ADC2DED23FD}.Release|Any CPU.Build.0 = Release|Any CPU
	EndGlobalSection
	GlobalSection(SolutionProperties) = preSolution
		HideSolutionNode = FALSE
	EndGlobalSection
	GlobalSection(ExtensibilityGlobals) = postSolution
		SolutionGuid = {FE757C25-A7BE-4C8E-B2DB-D7BCE3274C9F}
	EndGlobalSection
EndGlobal
